
Microsoft Visual Studio Solution File, Format Version 12.00
# Visual Studio Version 17
VisualStudioVersion = 17.9.34728.123
MinimumVisualStudioVersion = 10.0.40219.1
Project("{9A19103F-16F7-4668-BE54-9A1E7A4F7556}") = "DavinAssignement3", "DavinAssignement3\DavinAssignement3.csproj", "{EB5985FC-05E6-4E6A-933B-5373A0CC837B}"
EndProject
Project("{FAE04EC0-301F-11D3-BF4B-00C04F79EFBC}") = "TestProject1", "TestProject1\TestProject1.csproj", "{F1922E68-225B-45D4-9554-8776CA5DD15F}"
EndProject
Global
	GlobalSection(SolutionConfigurationPlatforms) = preSolution
		Debug|Any CPU = Debug|Any CPU
		Release|Any CPU = Release|Any CPU
	EndGlobalSection
	GlobalSection(ProjectConfigurationPlatforms) = postSolution
		{EB5985FC-05E6-4E6A-933B-5373A0CC837B}.Debug|Any CPU.ActiveCfg = Debug|Any CPU
		{EB5985FC-05E6-4E6A-933B-5373A0CC837B}.Debug|Any CPU.Build.0 = Debug|Any CPU
		{EB5985FC-05E6-4E6A-933B-5373A0CC837B}.Release|Any CPU.ActiveCfg = Release|Any CPU
		{EB5985FC-05E6-4E6A-933B-5373A0CC837B}.Release|Any CPU.Build.0 = Release|Any CPU
		{F1922E68-225B-45D4-9554-8776CA5DD15F}.Debug|Any CPU.ActiveCfg = Debug|Any CPU
		{F1922E68-225B-45D4-9554-8776CA5DD15F}.Debug|Any CPU.Build.0 = Debug|Any CPU
		{F1922E68-225B-45D4-9554-8776CA5DD15F}.Release|Any CPU.ActiveCfg = Release|Any CPU
		{F1922E68-225B-45D4-9554-8776CA5DD15F}.Release|Any CPU.Build.0 = Release|Any CPU
	EndGlobalSection
	GlobalSection(SolutionProperties) = preSolution
		HideSolutionNode = FALSE
	EndGlobalSection
	GlobalSection(ExtensibilityGlobals) = postSolution
		SolutionGuid = {3A6B7E38-74A7-42E8-927E-B2EF16C9506F}
	EndGlobalSection
EndGlobal
