
Microsoft Visual Studio Solution File, Format Version 12.00
# Visual Studio Version 17
VisualStudioVersion = 17.8.34322.80
MinimumVisualStudioVersion = 10.0.40219.1
Project("{9A19103F-16F7-4668-BE54-9A1E7A4F7556}") = "GenericCollectionAttribute", "GenericCollectionAttribute\GenericCollectionAttribute.csproj", "{5C5E8246-6816-468F-9623-021AAAD10654}"
EndProject
Project("{9A19103F-16F7-4668-BE54-9A1E7A4F7556}") = "EFCoreModelFirst_5", "EntityFramework_LoadingRelatedData\EFCoreModelFirst_5\EFCoreModelFirst_5.csproj", "{35CB7EF1-3B9D-41E1-9F7A-342D92889A1C}"
EndProject
Global
	GlobalSection(SolutionConfigurationPlatforms) = preSolution
		Debug|Any CPU = Debug|Any CPU
		Release|Any CPU = Release|Any CPU
	EndGlobalSection
	GlobalSection(ProjectConfigurationPlatforms) = postSolution
		{5C5E8246-6816-468F-9623-021AAAD10654}.Debug|Any CPU.ActiveCfg = Debug|Any CPU
		{5C5E8246-6816-468F-9623-021AAAD10654}.Debug|Any CPU.Build.0 = Debug|Any CPU
		{5C5E8246-6816-468F-9623-021AAAD10654}.Release|Any CPU.ActiveCfg = Release|Any CPU
		{5C5E8246-6816-468F-9623-021AAAD10654}.Release|Any CPU.Build.0 = Release|Any CPU
		{35CB7EF1-3B9D-41E1-9F7A-342D92889A1C}.Debug|Any CPU.ActiveCfg = Debug|Any CPU
		{35CB7EF1-3B9D-41E1-9F7A-342D92889A1C}.Debug|Any CPU.Build.0 = Debug|Any CPU
		{35CB7EF1-3B9D-41E1-9F7A-342D92889A1C}.Release|Any CPU.ActiveCfg = Release|Any CPU
		{35CB7EF1-3B9D-41E1-9F7A-342D92889A1C}.Release|Any CPU.Build.0 = Release|Any CPU
	EndGlobalSection
	GlobalSection(SolutionProperties) = preSolution
		HideSolutionNode = FALSE
	EndGlobalSection
	GlobalSection(ExtensibilityGlobals) = postSolution
		SolutionGuid = {57FE4FEF-C7C8-449E-8F77-0DDA254DA64F}
	EndGlobalSection
EndGlobal
